
Microsoft Visual Studio Solution File, Format Version 12.00
# Visual Studio Version 16
VisualStudioVersion = 16.0.30804.86
MinimumVisualStudioVersion = 10.0.40219.1
Project("{FAE04EC0-301F-11D3-BF4B-00C04F79EFBC}") = "DictionaryOdev", "DictionaryOdev\DictionaryOdev.csproj", "{B8C617AB-9927-43C6-B816-E482C8BE4275}"
EndProject
Global
	GlobalSection(SolutionConfigurationPlatforms) = preSolution
		Debug|Any CPU = Debug|Any CPU
		Release|Any CPU = Release|Any CPU
	EndGlobalSection
	GlobalSection(ProjectConfigurationPlatforms) = postSolution
		{B8C617AB-9927-43C6-B816-E482C8BE4275}.Debug|Any CPU.ActiveCfg = Debug|Any CPU
		{B8C617AB-9927-43C6-B816-E482C8BE4275}.Debug|Any CPU.Build.0 = Debug|Any CPU
		{B8C617AB-9927-43C6-B816-E482C8BE4275}.Release|Any CPU.ActiveCfg = Release|Any CPU
		{B8C617AB-9927-43C6-B816-E482C8BE4275}.Release|Any CPU.Build.0 = Release|Any CPU
	EndGlobalSection
	GlobalSection(SolutionProperties) = preSolution
		HideSolutionNode = FALSE
	EndGlobalSection
	GlobalSection(ExtensibilityGlobals) = postSolution
		SolutionGuid = {43D4DACE-567A-48EF-B94A-BCDB9933C756}
	EndGlobalSection
EndGlobal
